
Microsoft Visual Studio Solution File, Format Version 12.00
# Visual Studio Version 16
VisualStudioVersion = 16.0.31729.503
MinimumVisualStudioVersion = 10.0.40219.1
Project("{FAE04EC0-301F-11D3-BF4B-00C04F79EFBC}") = "Phase1AssesmentProjectPraveen", "Phase1AssesmentProjectPraveen\Phase1AssesmentProjectPraveen.csproj", "{59D8BFA6-A574-45EC-9064-44C68B573BEA}"
EndProject
Global
	GlobalSection(SolutionConfigurationPlatforms) = preSolution
		Debug|Any CPU = Debug|Any CPU
		Release|Any CPU = Release|Any CPU
	EndGlobalSection
	GlobalSection(ProjectConfigurationPlatforms) = postSolution
		{59D8BFA6-A574-45EC-9064-44C68B573BEA}.Debug|Any CPU.ActiveCfg = Debug|Any CPU
		{59D8BFA6-A574-45EC-9064-44C68B573BEA}.Debug|Any CPU.Build.0 = Debug|Any CPU
		{59D8BFA6-A574-45EC-9064-44C68B573BEA}.Release|Any CPU.ActiveCfg = Release|Any CPU
		{59D8BFA6-A574-45EC-9064-44C68B573BEA}.Release|Any CPU.Build.0 = Release|Any CPU
	EndGlobalSection
	GlobalSection(SolutionProperties) = preSolution
		HideSolutionNode = FALSE
	EndGlobalSection
	GlobalSection(ExtensibilityGlobals) = postSolution
		SolutionGuid = {ED29E97B-FAF0-4F37-AC62-7BFC0C531730}
	EndGlobalSection
EndGlobal
